// !$*UTF8*$!
{
	archiveVersion = 1;
	classes = {
	};
	objectVersion = 46;
	objects = {

/* Begin PBXBuildFile section */
		692F42E51BCCA1A700270585 /* HomeViewController.swift in Sources */ = {isa = PBXBuildFile; fileRef = 692F42E41BCCA1A700270585 /* HomeViewController.swift */; };
		69D192801BCB2C8B00A6BB4F /* AppDelegate.swift in Sources */ = {isa = PBXBuildFile; fileRef = 69D1927F1BCB2C8B00A6BB4F /* AppDelegate.swift */; };
		69D192821BCB2C8B00A6BB4F /* ViewController.swift in Sources */ = {isa = PBXBuildFile; fileRef = 69D192811BCB2C8B00A6BB4F /* ViewController.swift */; };
		69D192851BCB2C8B00A6BB4F /* Main.storyboard in Resources */ = {isa = PBXBuildFile; fileRef = 69D192831BCB2C8B00A6BB4F /* Main.storyboard */; };
		69D192871BCB2C8B00A6BB4F /* Assets.xcassets in Resources */ = {isa = PBXBuildFile; fileRef = 69D192861BCB2C8B00A6BB4F /* Assets.xcassets */; };
		69D192951BCB2C8B00A6BB4F /* tumblrTests.swift in Sources */ = {isa = PBXBuildFile; fileRef = 69D192941BCB2C8B00A6BB4F /* tumblrTests.swift */; };
		69D192A01BCB2C8B00A6BB4F /* tumblrUITests.swift in Sources */ = {isa = PBXBuildFile; fileRef = 69D1929F1BCB2C8B00A6BB4F /* tumblrUITests.swift */; };
		69D192AE1BCB308D00A6BB4F /* TabBarViewController.swift in Sources */ = {isa = PBXBuildFile; fileRef = 69D192AD1BCB308D00A6BB4F /* TabBarViewController.swift */; };
		69D192B21BCB7CDE00A6BB4F /* SearchViewController.swift in Sources */ = {isa = PBXBuildFile; fileRef = 69D192B11BCB7CDE00A6BB4F /* SearchViewController.swift */; };
		69D192B41BCB7D4100A6BB4F /* ComposeViewController.swift in Sources */ = {isa = PBXBuildFile; fileRef = 69D192B31BCB7D4100A6BB4F /* ComposeViewController.swift */; };
		69D192B61BCB7D7800A6BB4F /* TrendingViewController.swift in Sources */ = {isa = PBXBuildFile; fileRef = 69D192B51BCB7D7800A6BB4F /* TrendingViewController.swift */; };
		69D192B81BCB7DA800A6BB4F /* AccountViewController.swift in Sources */ = {isa = PBXBuildFile; fileRef = 69D192B71BCB7DA800A6BB4F /* AccountViewController.swift */; };
/* End PBXBuildFile section */

/* Begin PBXContainerItemProxy section */
		69D192911BCB2C8B00A6BB4F /* PBXContainerItemProxy */ = {
			isa = PBXContainerItemProxy;
			containerPortal = 69D192741BCB2C8B00A6BB4F /* Project object */;
			proxyType = 1;
			remoteGlobalIDString = 69D1927B1BCB2C8B00A6BB4F;
			remoteInfo = tumblr;
		};
		69D1929C1BCB2C8B00A6BB4F /* PBXContainerItemProxy */ = {
			isa = PBXContainerItemProxy;
			containerPortal = 69D192741BCB2C8B00A6BB4F /* Project object */;
			proxyType = 1;
			remoteGlobalIDString = 69D1927B1BCB2C8B00A6BB4F;
			remoteInfo = tumblr;
		};
/* End PBXContainerItemProxy section */

/* Begin PBXFileReference section */
		692F42E41BCCA1A700270585 /* HomeViewController.swift */ = {isa = PBXFileReference; fileEncoding = 4; lastKnownFileType = sourcecode.swift; path = HomeViewController.swift; sourceTree = "<group>"; };
		69D1927C1BCB2C8B00A6BB4F /* tumblr.app */ = {isa = PBXFileReference; explicitFileType = wrapper.application; includeInIndex = 0; path = tumblr.app; sourceTree = BUILT_PRODUCTS_DIR; };
		69D1927F1BCB2C8B00A6BB4F /* AppDelegate.swift */ = {isa = PBXFileReference; lastKnownFileType = sourcecode.swift; path = AppDelegate.swift; sourceTree = "<group>"; };
		69D192811BCB2C8B00A6BB4F /* ViewController.swift */ = {isa = PBXFileReference; lastKnownFileType = sourcecode.swift; path = ViewController.swift; sourceTree = "<group>"; };
		69D192841BCB2C8B00A6BB4F /* Base */ = {isa = PBXFileReference; lastKnownFileType = file.storyboard; name = Base; path = Base.lproj/Main.storyboard; sourceTree = "<group>"; };
		69D192861BCB2C8B00A6BB4F /* Assets.xcassets */ = {isa = PBXFileReference; lastKnownFileType = folder.assetcatalog; path = Assets.xcassets; sourceTree = "<group>"; };
		69D1928B1BCB2C8B00A6BB4F /* Info.plist */ = {isa = PBXFileReference; lastKnownFileType = text.plist.xml; path = Info.plist; sourceTree = "<group>"; };
		69D192901BCB2C8B00A6BB4F /* tumblrTests.xctest */ = {isa = PBXFileReference; explicitFileType = wrapper.cfbundle; includeInIndex = 0; path = tumblrTests.xctest; sourceTree = BUILT_PRODUCTS_DIR; };
		69D192941BCB2C8B00A6BB4F /* tumblrTests.swift */ = {isa = PBXFileReference; lastKnownFileType = sourcecode.swift; path = tumblrTests.swift; sourceTree = "<group>"; };
		69D192961BCB2C8B00A6BB4F /* Info.plist */ = {isa = PBXFileReference; lastKnownFileType = text.plist.xml; path = Info.plist; sourceTree = "<group>"; };
		69D1929B1BCB2C8B00A6BB4F /* tumblrUITests.xctest */ = {isa = PBXFileReference; explicitFileType = wrapper.cfbundle; includeInIndex = 0; path = tumblrUITests.xctest; sourceTree = BUILT_PRODUCTS_DIR; };
		69D1929F1BCB2C8B00A6BB4F /* tumblrUITests.swift */ = {isa = PBXFileReference; lastKnownFileType = sourcecode.swift; path = tumblrUITests.swift; sourceTree = "<group>"; };
		69D192A11BCB2C8B00A6BB4F /* Info.plist */ = {isa = PBXFileReference; lastKnownFileType = text.plist.xml; path = Info.plist; sourceTree = "<group>"; };
		69D192AD1BCB308D00A6BB4F /* TabBarViewController.swift */ = {isa = PBXFileReference; fileEncoding = 4; lastKnownFileType = sourcecode.swift; path = TabBarViewController.swift; sourceTree = "<group>"; };
		69D192B11BCB7CDE00A6BB4F /* SearchViewController.swift */ = {isa = PBXFileReference; fileEncoding = 4; lastKnownFileType = sourcecode.swift; path = SearchViewController.swift; sourceTree = "<group>"; };
		69D192B31BCB7D4100A6BB4F /* ComposeViewController.swift */ = {isa = PBXFileReference; fileEncoding = 4; lastKnownFileType = sourcecode.swift; path = ComposeViewController.swift; sourceTree = "<group>"; };
		69D192B51BCB7D7800A6BB4F /* TrendingViewController.swift */ = {isa = PBXFileReference; fileEncoding = 4; lastKnownFileType = sourcecode.swift; path = TrendingViewController.swift; sourceTree = "<group>"; };
		69D192B71BCB7DA800A6BB4F /* AccountViewController.swift */ = {isa = PBXFileReference; fileEncoding = 4; lastKnownFileType = sourcecode.swift; path = AccountViewController.swift; sourceTree = "<group>"; };
/* End PBXFileReference section */

/* Begin PBXFrameworksBuildPhase section */
		69D192791BCB2C8B00A6BB4F /* Frameworks */ = {
			isa = PBXFrameworksBuildPhase;
			buildActionMask = 2147483647;
			files = (
			);
			runOnlyForDeploymentPostprocessing = 0;
		};
		69D1928D1BCB2C8B00A6BB4F /* Frameworks */ = {
			isa = PBXFrameworksBuildPhase;
			buildActionMask = 2147483647;
			files = (
			);
			runOnlyForDeploymentPostprocessing = 0;
		};
		69D192981BCB2C8B00A6BB4F /* Frameworks */ = {
			isa = PBXFrameworksBuildPhase;
			buildActionMask = 2147483647;
			files = (
			);
			runOnlyForDeploymentPostprocessing = 0;
		};
/* End PBXFrameworksBuildPhase section */

/* Begin PBXGroup section */
		69D192731BCB2C8B00A6BB4F = {
			isa = PBXGroup;
			children = (
				69D1927E1BCB2C8B00A6BB4F /* tumblr */,
				69D192931BCB2C8B00A6BB4F /* tumblrTests */,
				69D1929E1BCB2C8B00A6BB4F /* tumblrUITests */,
				69D1927D1BCB2C8B00A6BB4F /* Products */,
			);
			sourceTree = "<group>";
		};
		69D1927D1BCB2C8B00A6BB4F /* Products */ = {
			isa = PBXGroup;
			children = (
				69D1927C1BCB2C8B00A6BB4F /* tumblr.app */,
				69D192901BCB2C8B00A6BB4F /* tumblrTests.xctest */,
				69D1929B1BCB2C8B00A6BB4F /* tumblrUITests.xctest */,
			);
			name = Products;
			sourceTree = "<group>";
		};
		69D1927E1BCB2C8B00A6BB4F /* tumblr */ = {
			isa = PBXGroup;
			children = (
				692F42E41BCCA1A700270585 /* HomeViewController.swift */,
				69D1927F1BCB2C8B00A6BB4F /* AppDelegate.swift */,
				69D192811BCB2C8B00A6BB4F /* ViewController.swift */,
				69D192831BCB2C8B00A6BB4F /* Main.storyboard */,
				69D192B11BCB7CDE00A6BB4F /* SearchViewController.swift */,
				69D192B31BCB7D4100A6BB4F /* ComposeViewController.swift */,
				69D192B51BCB7D7800A6BB4F /* TrendingViewController.swift */,
				69D192B71BCB7DA800A6BB4F /* AccountViewController.swift */,
				69D192AD1BCB308D00A6BB4F /* TabBarViewController.swift */,
				69D192861BCB2C8B00A6BB4F /* Assets.xcassets */,
				69D1928B1BCB2C8B00A6BB4F /* Info.plist */,
			);
			path = tumblr;
			sourceTree = "<group>";
		};
		69D192931BCB2C8B00A6BB4F /* tumblrTests */ = {
			isa = PBXGroup;
			children = (
				69D192941BCB2C8B00A6BB4F /* tumblrTests.swift */,
				69D192961BCB2C8B00A6BB4F /* Info.plist */,
			);
			path = tumblrTests;
			sourceTree = "<group>";
		};
		69D1929E1BCB2C8B00A6BB4F /* tumblrUITests */ = {
			isa = PBXGroup;
			children = (
				69D1929F1BCB2C8B00A6BB4F /* tumblrUITests.swift */,
				69D192A11BCB2C8B00A6BB4F /* Info.plist */,
			);
			path = tumblrUITests;
			sourceTree = "<group>";
		};
/* End PBXGroup section */

/* Begin PBXNativeTarget section */
		69D1927B1BCB2C8B00A6BB4F /* tumblr */ = {
			isa = PBXNativeTarget;
			buildConfigurationList = 69D192A41BCB2C8B00A6BB4F /* Build configuration list for PBXNativeTarget "tumblr" */;
			buildPhases = (
				69D192781BCB2C8B00A6BB4F /* Sources */,
				69D192791BCB2C8B00A6BB4F /* Frameworks */,
				69D1927A1BCB2C8B00A6BB4F /* Resources */,
			);
			buildRules = (
			);
			dependencies = (
			);
			name = tumblr;
			productName = tumblr;
			productReference = 69D1927C1BCB2C8B00A6BB4F /* tumblr.app */;
			productType = "com.apple.product-type.application";
		};
		69D1928F1BCB2C8B00A6BB4F /* tumblrTests */ = {
			isa = PBXNativeTarget;
			buildConfigurationList = 69D192A71BCB2C8B00A6BB4F /* Build configuration list for PBXNativeTarget "tumblrTests" */;
			buildPhases = (
				69D1928C1BCB2C8B00A6BB4F /* Sources */,
				69D1928D1BCB2C8B00A6BB4F /* Frameworks */,
				69D1928E1BCB2C8B00A6BB4F /* Resources */,
			);
			buildRules = (
			);
			dependencies = (
				69D192921BCB2C8B00A6BB4F /* PBXTargetDependency */,
			);
			name = tumblrTests;
			productName = tumblrTests;
			productReference = 69D192901BCB2C8B00A6BB4F /* tumblrTests.xctest */;
			productType = "com.apple.product-type.bundle.unit-test";
		};
		69D1929A1BCB2C8B00A6BB4F /* tumblrUITests */ = {
			isa = PBXNativeTarget;
			buildConfigurationList = 69D192AA1BCB2C8B00A6BB4F /* Build configuration list for PBXNativeTarget "tumblrUITests" */;
			buildPhases = (
				69D192971BCB2C8B00A6BB4F /* Sources */,
				69D192981BCB2C8B00A6BB4F /* Frameworks */,
				69D192991BCB2C8B00A6BB4F /* Resources */,
			);
			buildRules = (
			);
			dependencies = (
				69D1929D1BCB2C8B00A6BB4F /* PBXTargetDependency */,
			);
			name = tumblrUITests;
			productName = tumblrUITests;
			productReference = 69D1929B1BCB2C8B00A6BB4F /* tumblrUITests.xctest */;
			productType = "com.apple.product-type.bundle.ui-testing";
		};
/* End PBXNativeTarget section */

/* Begin PBXProject section */
		69D192741BCB2C8B00A6BB4F /* Project object */ = {
			isa = PBXProject;
			attributes = {
				LastUpgradeCheck = 0710;
				ORGANIZATIONNAME = "Nathan Visconti";
				TargetAttributes = {
					69D1927B1BCB2C8B00A6BB4F = {
						CreatedOnToolsVersion = 7.1;
					};
					69D1928F1BCB2C8B00A6BB4F = {
						CreatedOnToolsVersion = 7.1;
						TestTargetID = 69D1927B1BCB2C8B00A6BB4F;
					};
					69D1929A1BCB2C8B00A6BB4F = {
						CreatedOnToolsVersion = 7.1;
						TestTargetID = 69D1927B1BCB2C8B00A6BB4F;
					};
				};
			};
			buildConfigurationList = 69D192771BCB2C8B00A6BB4F /* Build configuration list for PBXProject "tumblr" */;
			compatibilityVersion = "Xcode 3.2";
			developmentRegion = English;
			hasScannedForEncodings = 0;
			knownRegions = (
				en,
				Base,
			);
			mainGroup = 69D192731BCB2C8B00A6BB4F;
			productRefGroup = 69D1927D1BCB2C8B00A6BB4F /* Products */;
			projectDirPath = "";
			projectRoot = "";
			targets = (
				69D1927B1BCB2C8B00A6BB4F /* tumblr */,
				69D1928F1BCB2C8B00A6BB4F /* tumblrTests */,
				69D1929A1BCB2C8B00A6BB4F /* tumblrUITests */,
			);
		};
/* End PBXProject section */

/* Begin PBXResourcesBuildPhase section */
		69D1927A1BCB2C8B00A6BB4F /* Resources */ = {
			isa = PBXResourcesBuildPhase;
			buildActionMask = 2147483647;
			files = (
				69D192871BCB2C8B00A6BB4F /* Assets.xcassets in Resources */,
				69D192851BCB2C8B00A6BB4F /* Main.storyboard in Resources */,
			);
			runOnlyForDeploymentPostprocessing = 0;
		};
		69D1928E1BCB2C8B00A6BB4F /* Resources */ = {
			isa = PBXResourcesBuildPhase;
			buildActionMask = 2147483647;
			files = (
			);
			runOnlyForDeploymentPostprocessing = 0;
		};
		69D192991BCB2C8B00A6BB4F /* Resources */ = {
			isa = PBXResourcesBuildPhase;
			buildActionMask = 2147483647;
			files = (
			);
			runOnlyForDeploymentPostprocessing = 0;
		};
/* End PBXResourcesBuildPhase section */

/* Begin PBXSourcesBuildPhase section */
		69D192781BCB2C8B00A6BB4F /* Sources */ = {
			isa = PBXSourcesBuildPhase;
			buildActionMask = 2147483647;
			files = (
				69D192B61BCB7D7800A6BB4F /* TrendingViewController.swift in Sources */,
				69D192B21BCB7CDE00A6BB4F /* SearchViewController.swift in Sources */,
				69D192B81BCB7DA800A6BB4F /* AccountViewController.swift in Sources */,
				692F42E51BCCA1A700270585 /* HomeViewController.swift in Sources */,
				69D192821BCB2C8B00A6BB4F /* ViewController.swift in Sources */,
				69D192AE1BCB308D00A6BB4F /* TabBarViewController.swift in Sources */,
				69D192B41BCB7D4100A6BB4F /* ComposeViewController.swift in Sources */,
				69D192801BCB2C8B00A6BB4F /* AppDelegate.swift in Sources */,
			);
			runOnlyForDeploymentPostprocessing = 0;
		};
		69D1928C1BCB2C8B00A6BB4F /* Sources */ = {
			isa = PBXSourcesBuildPhase;
			buildActionMask = 2147483647;
			files = (
				69D192951BCB2C8B00A6BB4F /* tumblrTests.swift in Sources */,
			);
			runOnlyForDeploymentPostprocessing = 0;
		};
		69D192971BCB2C8B00A6BB4F /* Sources */ = {
			isa = PBXSourcesBuildPhase;
			buildActionMask = 2147483647;
			files = (
				69D192A01BCB2C8B00A6BB4F /* tumblrUITests.swift in Sources */,
			);
			runOnlyForDeploymentPostprocessing = 0;
		};
/* End PBXSourcesBuildPhase section */

/* Begin PBXTargetDependency section */
		69D192921BCB2C8B00A6BB4F /* PBXTargetDependency */ = {
			isa = PBXTargetDependency;
			target = 69D1927B1BCB2C8B00A6BB4F /* tumblr */;
			targetProxy = 69D192911BCB2C8B00A6BB4F /* PBXContainerItemProxy */;
		};
		69D1929D1BCB2C8B00A6BB4F /* PBXTargetDependency */ = {
			isa = PBXTargetDependency;
			target = 69D1927B1BCB2C8B00A6BB4F /* tumblr */;
			targetProxy = 69D1929C1BCB2C8B00A6BB4F /* PBXContainerItemProxy */;
		};
/* End PBXTargetDependency section */

/* Begin PBXVariantGroup section */
		69D192831BCB2C8B00A6BB4F /* Main.storyboard */ = {
			isa = PBXVariantGroup;
			children = (
				69D192841BCB2C8B00A6BB4F /* Base */,
			);
			name = Main.storyboard;
			sourceTree = "<group>";
		};
/* End PBXVariantGroup section */

/* Begin XCBuildConfiguration section */
		69D192A21BCB2C8B00A6BB4F /* Debug */ = {
			isa = XCBuildConfiguration;
			buildSettings = {
				ALWAYS_SEARCH_USER_PATHS = NO;
				CLANG_CXX_LANGUAGE_STANDARD = "gnu++0x";
				CLANG_CXX_LIBRARY = "libc++";
				CLANG_ENABLE_MODULES = YES;
				CLANG_ENABLE_OBJC_ARC = YES;
				CLANG_WARN_BOOL_CONVERSION = YES;
				CLANG_WARN_CONSTANT_CONVERSION = YES;
				CLANG_WARN_DIRECT_OBJC_ISA_USAGE = YES_ERROR;
				CLANG_WARN_EMPTY_BODY = YES;
				CLANG_WARN_ENUM_CONVERSION = YES;
				CLANG_WARN_INT_CONVERSION = YES;
				CLANG_WARN_OBJC_ROOT_CLASS = YES_ERROR;
				CLANG_WARN_UNREACHABLE_CODE = YES;
				CLANG_WARN__DUPLICATE_METHOD_MATCH = YES;
				"CODE_SIGN_IDENTITY[sdk=iphoneos*]" = "iPhone Developer";
				COPY_PHASE_STRIP = NO;
				DEBUG_INFORMATION_FORMAT = dwarf;
				ENABLE_STRICT_OBJC_MSGSEND = YES;
				ENABLE_TESTABILITY = YES;
				GCC_C_LANGUAGE_STANDARD = gnu99;
				GCC_DYNAMIC_NO_PIC = NO;
				GCC_NO_COMMON_BLOCKS = YES;
				GCC_OPTIMIZATION_LEVEL = 0;
				GCC_PREPROCESSOR_DEFINITIONS = (
					"DEBUG=1",
					"$(inherited)",
				);
				GCC_WARN_64_TO_32_BIT_CONVERSION = YES;
				GCC_WARN_ABOUT_RETURN_TYPE = YES_ERROR;
				GCC_WARN_UNDECLARED_SELECTOR = YES;
				GCC_WARN_UNINITIALIZED_AUTOS = YES_AGGRESSIVE;
				GCC_WARN_UNUSED_FUNCTION = YES;
				GCC_WARN_UNUSED_VARIABLE = YES;
				IPHONEOS_DEPLOYMENT_TARGET = 9.1;
				MTL_ENABLE_DEBUG_INFO = YES;
				ONLY_ACTIVE_ARCH = YES;
				SDKROOT = iphoneos;
				SWIFT_OPTIMIZATION_LEVEL = "-Onone";
			};
			name = Debug;
		};
		69D192A31BCB2C8B00A6BB4F /* Release */ = {
			isa = XCBuildConfiguration;
			buildSettings = {
				ALWAYS_SEARCH_USER_PATHS = NO;
				CLANG_CXX_LANGUAGE_STANDARD = "gnu++0x";
				CLANG_CXX_LIBRARY = "libc++";
				CLANG_ENABLE_MODULES = YES;
				CLANG_ENABLE_OBJC_ARC = YES;
				CLANG_WARN_BOOL_CONVERSION = YES;
				CLANG_WARN_CONSTANT_CONVERSION = YES;
				CLANG_WARN_DIRECT_OBJC_ISA_USAGE = YES_ERROR;
				CLANG_WARN_EMPTY_BODY = YES;
				CLANG_WARN_ENUM_CONVERSION = YES;
				CLANG_WARN_INT_CONVERSION = YES;
				CLANG_WARN_OBJC_ROOT_CLASS = YES_ERROR;
				CLANG_WARN_UNREACHABLE_CODE = YES;
				CLANG_WARN__DUPLICATE_METHOD_MATCH = YES;
				"CODE_SIGN_IDENTITY[sdk=iphoneos*]" = "iPhone Developer";
				COPY_PHASE_STRIP = NO;
				DEBUG_INFORMATION_FORMAT = "dwarf-with-dsym";
				ENABLE_NS_ASSERTIONS = NO;
				ENABLE_STRICT_OBJC_MSGSEND = YES;
				GCC_C_LANGUAGE_STANDARD = gnu99;
				GCC_NO_COMMON_BLOCKS = YES;
				GCC_WARN_64_TO_32_BIT_CONVERSION = YES;
				GCC_WARN_ABOUT_RETURN_TYPE = YES_ERROR;
				GCC_WARN_UNDECLARED_SELECTOR = YES;
				GCC_WARN_UNINITIALIZED_AUTOS = YES_AGGRESSIVE;
				GCC_WARN_UNUSED_FUNCTION = YES;
				GCC_WARN_UNUSED_VARIABLE = YES;
				IPHONEOS_DEPLOYMENT_TARGET = 9.1;
				MTL_ENABLE_DEBUG_INFO = NO;
				SDKROOT = iphoneos;
				VALIDATE_PRODUCT = YES;
			};
			name = Release;
		};
		69D192A51BCB2C8B00A6BB4F /* Debug */ = {
			isa = XCBuildConfiguration;
			buildSettings = {
				ASSETCATALOG_COMPILER_APPICON_NAME = AppIcon;
				ASSETCATALOG_COMPILER_LAUNCHIMAGE_NAME = BrandAsset;
				INFOPLIST_FILE = tumblr/Info.plist;
				LD_RUNPATH_SEARCH_PATHS = "$(inherited) @executable_path/Frameworks";
				PRODUCT_BUNDLE_IDENTIFIER = visconti.tumblr;
				PRODUCT_NAME = "$(TARGET_NAME)";
			};
			name = Debug;
		};
		69D192A61BCB2C8B00A6BB4F /* Release */ = {
			isa = XCBuildConfiguration;
			buildSettings = {
				ASSETCATALOG_COMPILER_APPICON_NAME = AppIcon;
				ASSETCATALOG_COMPILER_LAUNCHIMAGE_NAME = BrandAsset;
				INFOPLIST_FILE = tumblr/Info.plist;
				LD_RUNPATH_SEARCH_PATHS = "$(inherited) @executable_path/Frameworks";
				PRODUCT_BUNDLE_IDENTIFIER = visconti.tumblr;
				PRODUCT_NAME = "$(TARGET_NAME)";
			};
			name = Release;
		};
		69D192A81BCB2C8B00A6BB4F /* Debug */ = {
			isa = XCBuildConfiguration;
			buildSettings = {
				BUNDLE_LOADER = "$(TEST_HOST)";
				INFOPLIST_FILE = tumblrTests/Info.plist;
				LD_RUNPATH_SEARCH_PATHS = "$(inherited) @executable_path/Frameworks @loader_path/Frameworks";
				PRODUCT_BUNDLE_IDENTIFIER = visconti.tumblrTests;
				PRODUCT_NAME = "$(TARGET_NAME)";
				TEST_HOST = "$(BUILT_PRODUCTS_DIR)/tumblr.app/tumblr";
			};
			name = Debug;
		};
		69D192A91BCB2C8B00A6BB4F /* Release */ = {
			isa = XCBuildConfiguration;
			buildSettings = {
				BUNDLE_LOADER = "$(TEST_HOST)";
				INFOPLIST_FILE = tumblrTests/Info.plist;
				LD_RUNPATH_SEARCH_PATHS = "$(inherited) @executable_path/Frameworks @loader_path/Frameworks";
				PRODUCT_BUNDLE_IDENTIFIER = visconti.tumblrTests;
				PRODUCT_NAME = "$(TARGET_NAME)";
				TEST_HOST = "$(BUILT_PRODUCTS_DIR)/tumblr.app/tumblr";
			};
			name = Release;
		};
		69D192AB1BCB2C8B00A6BB4F /* Debug */ = {
			isa = XCBuildConfiguration;
			buildSettings = {
				INFOPLIST_FILE = tumblrUITests/Info.plist;
				LD_RUNPATH_SEARCH_PATHS = "$(inherited) @executable_path/Frameworks @loader_path/Frameworks";
				PRODUCT_BUNDLE_IDENTIFIER = visconti.tumblrUITests;
				PRODUCT_NAME = "$(TARGET_NAME)";
				TEST_TARGET_NAME = tumblr;
				USES_XCTRUNNER = YES;
			};
			name = Debug;
		};
		69D192AC1BCB2C8B00A6BB4F /* Release */ = {
			isa = XCBuildConfiguration;
			buildSettings = {
				INFOPLIST_FILE = tumblrUITests/Info.plist;
				LD_RUNPATH_SEARCH_PATHS = "$(inherited) @executable_path/Frameworks @loader_path/Frameworks";
				PRODUCT_BUNDLE_IDENTIFIER = visconti.tumblrUITests;
				PRODUCT_NAME = "$(TARGET_NAME)";
				TEST_TARGET_NAME = tumblr;
				USES_XCTRUNNER = YES;
			};
			name = Release;
		};
/* End XCBuildConfiguration section */

/* Begin XCConfigurationList section */
		69D192771BCB2C8B00A6BB4F /* Build configuration list for PBXProject "tumblr" */ = {
			isa = XCConfigurationList;
			buildConfigurations = (
				69D192A21BCB2C8B00A6BB4F /* Debug */,
				69D192A31BCB2C8B00A6BB4F /* Release */,
			);
			defaultConfigurationIsVisible = 0;
			defaultConfigurationName = Release;
		};
		69D192A41BCB2C8B00A6BB4F /* Build configuration list for PBXNativeTarget "tumblr" */ = {
			isa = XCConfigurationList;
			buildConfigurations = (
				69D192A51BCB2C8B00A6BB4F /* Debug */,
				69D192A61BCB2C8B00A6BB4F /* Release */,
			);
			defaultConfigurationIsVisible = 0;
			defaultConfigurationName = Release;
		};
		69D192A71BCB2C8B00A6BB4F /* Build configuration list for PBXNativeTarget "tumblrTests" */ = {
			isa = XCConfigurationList;
			buildConfigurations = (
				69D192A81BCB2C8B00A6BB4F /* Debug */,
				69D192A91BCB2C8B00A6BB4F /* Release */,
			);
			defaultConfigurationIsVisible = 0;
			defaultConfigurationName = Release;
		};
		69D192AA1BCB2C8B00A6BB4F /* Build configuration list for PBXNativeTarget "tumblrUITests" */ = {
			isa = XCConfigurationList;
			buildConfigurations = (
				69D192AB1BCB2C8B00A6BB4F /* Debug */,
				69D192AC1BCB2C8B00A6BB4F /* Release */,
			);
			defaultConfigurationIsVisible = 0;
			defaultConfigurationName = Release;
		};
/* End XCConfigurationList section */
	};
	rootObject = 69D192741BCB2C8B00A6BB4F /* Project object */;
}
